
Microsoft Visual Studio Solution File, Format Version 12.00
# Visual Studio Version 17
VisualStudioVersion = 17.13.35931.197 d17.13
MinimumVisualStudioVersion = 10.0.40219.1
Project("{FAE04EC0-301F-11D3-BF4B-00C04F79EFBC}") = "EmpresaAgendamento", "EmpresaAgendamento.csproj", "{CA9D3034-E3A4-4E29-89AE-20667F933AED}"
EndProject
Global
	GlobalSection(SolutionConfigurationPlatforms) = preSolution
		Debug|Any CPU = Debug|Any CPU
		Release|Any CPU = Release|Any CPU
	EndGlobalSection
	GlobalSection(ProjectConfigurationPlatforms) = postSolution
		{CA9D3034-E3A4-4E29-89AE-20667F933AED}.Debug|Any CPU.ActiveCfg = Debug|Any CPU
		{CA9D3034-E3A4-4E29-89AE-20667F933AED}.Debug|Any CPU.Build.0 = Debug|Any CPU
		{CA9D3034-E3A4-4E29-89AE-20667F933AED}.Release|Any CPU.ActiveCfg = Release|Any CPU
		{CA9D3034-E3A4-4E29-89AE-20667F933AED}.Release|Any CPU.Build.0 = Release|Any CPU
	EndGlobalSection
	GlobalSection(SolutionProperties) = preSolution
		HideSolutionNode = FALSE
	EndGlobalSection
	GlobalSection(ExtensibilityGlobals) = postSolution
		SolutionGuid = {9027AEFC-C55A-4498-B54C-6E0302CF859B}
	EndGlobalSection
EndGlobal
